
Microsoft Visual Studio Solution File, Format Version 12.00
# Visual Studio Version 17
VisualStudioVersion = 17.10.35027.167
MinimumVisualStudioVersion = 10.0.40219.1
Project("{FAE04EC0-301F-11D3-BF4B-00C04F79EFBC}") = "RockPaperScissors", "RockPaperScissors\RockPaperScissors.csproj", "{CC5AFA4C-60D3-434E-B06C-B5A29AE528C1}"
EndProject
Global
	GlobalSection(SolutionConfigurationPlatforms) = preSolution
		Debug|Any CPU = Debug|Any CPU
		Release|Any CPU = Release|Any CPU
	EndGlobalSection
	GlobalSection(ProjectConfigurationPlatforms) = postSolution
		{CC5AFA4C-60D3-434E-B06C-B5A29AE528C1}.Debug|Any CPU.ActiveCfg = Debug|Any CPU
		{CC5AFA4C-60D3-434E-B06C-B5A29AE528C1}.Debug|Any CPU.Build.0 = Debug|Any CPU
		{CC5AFA4C-60D3-434E-B06C-B5A29AE528C1}.Release|Any CPU.ActiveCfg = Release|Any CPU
		{CC5AFA4C-60D3-434E-B06C-B5A29AE528C1}.Release|Any CPU.Build.0 = Release|Any CPU
	EndGlobalSection
	GlobalSection(SolutionProperties) = preSolution
		HideSolutionNode = FALSE
	EndGlobalSection
	GlobalSection(ExtensibilityGlobals) = postSolution
		SolutionGuid = {905B2FD3-CE1A-477C-954C-A726E360CC6E}
	EndGlobalSection
EndGlobal
